
Microsoft Visual Studio Solution File, Format Version 12.00
# Visual Studio 15
VisualStudioVersion = 15.0.27703.2042
MinimumVisualStudioVersion = 10.0.40219.1
Project("{D2ABAB84-BF74-430A-B69E-9DC6D40DDA17}") = "TutorialSSASProject", "TutorialSSASProject\TutorialSSASProject.dwproj", "{A161D084-5FA0-4789-B0E9-FB8F36D404F1}"
EndProject
Global
	GlobalSection(SolutionConfigurationPlatforms) = preSolution
		Development|Default = Development|Default
	EndGlobalSection
	GlobalSection(ProjectConfigurationPlatforms) = postSolution
		{A161D084-5FA0-4789-B0E9-FB8F36D404F1}.Development|Default.ActiveCfg = Development
		{A161D084-5FA0-4789-B0E9-FB8F36D404F1}.Development|Default.Build.0 = Development
		{A161D084-5FA0-4789-B0E9-FB8F36D404F1}.Development|Default.Deploy.0 = Development
	EndGlobalSection
	GlobalSection(SolutionProperties) = preSolution
		HideSolutionNode = FALSE
	EndGlobalSection
	GlobalSection(ExtensibilityGlobals) = postSolution
		SolutionGuid = {11B3066D-7C53-416F-AACE-92CF5C9BCC42}
	EndGlobalSection
EndGlobal
